// !$*UTF8*$!
{
	archiveVersion = 1;
	classes = {
	};
	objectVersion = 48;
	objects = {

/* Begin PBXBuildFile section */
		175C25B2206F93F30050702D /* AppDelegate.swift in Sources */ = {isa = PBXBuildFile; fileRef = 175C25B1206F93F30050702D /* AppDelegate.swift */; };
		175C25B4206F93F30050702D /* ViewController.swift in Sources */ = {isa = PBXBuildFile; fileRef = 175C25B3206F93F30050702D /* ViewController.swift */; };
		175C25B7206F93F30050702D /* Main.storyboard in Resources */ = {isa = PBXBuildFile; fileRef = 175C25B5206F93F30050702D /* Main.storyboard */; };
		175C25B9206F93F30050702D /* Assets.xcassets in Resources */ = {isa = PBXBuildFile; fileRef = 175C25B8206F93F30050702D /* Assets.xcassets */; };
		175C25BC206F93F30050702D /* LaunchScreen.storyboard in Resources */ = {isa = PBXBuildFile; fileRef = 175C25BA206F93F30050702D /* LaunchScreen.storyboard */; };
		177DB950206F951500E41818 /* ChartView.swift in Sources */ = {isa = PBXBuildFile; fileRef = 177DB94F206F951500E41818 /* ChartView.swift */; };
		177DB952206FF95800E41818 /* CountdownView.swift in Sources */ = {isa = PBXBuildFile; fileRef = 177DB951206FF95800E41818 /* CountdownView.swift */; };
/* End PBXBuildFile section */

/* Begin PBXFileReference section */
		175C25AE206F93F30050702D /* animatedcountdownchart.app */ = {isa = PBXFileReference; explicitFileType = wrapper.application; includeInIndex = 0; path = animatedcountdownchart.app; sourceTree = BUILT_PRODUCTS_DIR; };
		175C25B1206F93F30050702D /* AppDelegate.swift */ = {isa = PBXFileReference; lastKnownFileType = sourcecode.swift; path = AppDelegate.swift; sourceTree = "<group>"; };
		175C25B3206F93F30050702D /* ViewController.swift */ = {isa = PBXFileReference; lastKnownFileType = sourcecode.swift; path = ViewController.swift; sourceTree = "<group>"; };
		175C25B6206F93F30050702D /* Base */ = {isa = PBXFileReference; lastKnownFileType = file.storyboard; name = Base; path = Base.lproj/Main.storyboard; sourceTree = "<group>"; };
		175C25B8206F93F30050702D /* Assets.xcassets */ = {isa = PBXFileReference; lastKnownFileType = folder.assetcatalog; path = Assets.xcassets; sourceTree = "<group>"; };
		175C25BB206F93F30050702D /* Base */ = {isa = PBXFileReference; lastKnownFileType = file.storyboard; name = Base; path = Base.lproj/LaunchScreen.storyboard; sourceTree = "<group>"; };
		175C25BD206F93F30050702D /* Info.plist */ = {isa = PBXFileReference; lastKnownFileType = text.plist.xml; path = Info.plist; sourceTree = "<group>"; };
		177DB94F206F951500E41818 /* ChartView.swift */ = {isa = PBXFileReference; lastKnownFileType = sourcecode.swift; path = ChartView.swift; sourceTree = "<group>"; };
		177DB951206FF95800E41818 /* CountdownView.swift */ = {isa = PBXFileReference; lastKnownFileType = sourcecode.swift; path = CountdownView.swift; sourceTree = "<group>"; };
/* End PBXFileReference section */

/* Begin PBXFrameworksBuildPhase section */
		175C25AB206F93F30050702D /* Frameworks */ = {
			isa = PBXFrameworksBuildPhase;
			buildActionMask = 2147483647;
			files = (
			);
			runOnlyForDeploymentPostprocessing = 0;
		};
/* End PBXFrameworksBuildPhase section */

/* Begin PBXGroup section */
		175C25A5206F93F30050702D = {
			isa = PBXGroup;
			children = (
				175C25B0206F93F30050702D /* animatedcountdownchart */,
				175C25AF206F93F30050702D /* Products */,
			);
			sourceTree = "<group>";
		};
		175C25AF206F93F30050702D /* Products */ = {
			isa = PBXGroup;
			children = (
				175C25AE206F93F30050702D /* animatedcountdownchart.app */,
			);
			name = Products;
			sourceTree = "<group>";
		};
		175C25B0206F93F30050702D /* animatedcountdownchart */ = {
			isa = PBXGroup;
			children = (
				175C25B1206F93F30050702D /* AppDelegate.swift */,
				175C25B3206F93F30050702D /* ViewController.swift */,
				175C25B5206F93F30050702D /* Main.storyboard */,
				175C25B8206F93F30050702D /* Assets.xcassets */,
				175C25BA206F93F30050702D /* LaunchScreen.storyboard */,
				175C25BD206F93F30050702D /* Info.plist */,
				177DB94F206F951500E41818 /* ChartView.swift */,
				177DB951206FF95800E41818 /* CountdownView.swift */,
			);
			path = animatedcountdownchart;
			sourceTree = "<group>";
		};
/* End PBXGroup section */

/* Begin PBXNativeTarget section */
		175C25AD206F93F30050702D /* animatedcountdownchart */ = {
			isa = PBXNativeTarget;
			buildConfigurationList = 175C25C0206F93F30050702D /* Build configuration list for PBXNativeTarget "animatedcountdownchart" */;
			buildPhases = (
				175C25AA206F93F30050702D /* Sources */,
				175C25AB206F93F30050702D /* Frameworks */,
				175C25AC206F93F30050702D /* Resources */,
			);
			buildRules = (
			);
			dependencies = (
			);
			name = animatedcountdownchart;
			productName = animatedcountdownchart;
			productReference = 175C25AE206F93F30050702D /* animatedcountdownchart.app */;
			productType = "com.apple.product-type.application";
		};
/* End PBXNativeTarget section */

/* Begin PBXProject section */
		175C25A6206F93F30050702D /* Project object */ = {
			isa = PBXProject;
			attributes = {
				LastSwiftUpdateCheck = 0920;
				LastUpgradeCheck = 0920;
				ORGANIZATIONNAME = omerfarukozturk;
				TargetAttributes = {
					175C25AD206F93F30050702D = {
						CreatedOnToolsVersion = 9.2;
						ProvisioningStyle = Automatic;
					};
				};
			};
			buildConfigurationList = 175C25A9206F93F30050702D /* Build configuration list for PBXProject "animatedcountdownchart" */;
			compatibilityVersion = "Xcode 8.0";
			developmentRegion = en;
			hasScannedForEncodings = 0;
			knownRegions = (
				en,
				Base,
			);
			mainGroup = 175C25A5206F93F30050702D;
			productRefGroup = 175C25AF206F93F30050702D /* Products */;
			projectDirPath = "";
			projectRoot = "";
			targets = (
				175C25AD206F93F30050702D /* animatedcountdownchart */,
			);
		};
/* End PBXProject section */

/* Begin PBXResourcesBuildPhase section */
		175C25AC206F93F30050702D /* Resources */ = {
			isa = PBXResourcesBuildPhase;
			buildActionMask = 2147483647;
			files = (
				175C25BC206F93F30050702D /* LaunchScreen.storyboard in Resources */,
				175C25B9206F93F30050702D /* Assets.xcassets in Resources */,
				175C25B7206F93F30050702D /* Main.storyboard in Resources */,
			);
			runOnlyForDeploymentPostprocessing = 0;
		};
/* End PBXResourcesBuildPhase section */

/* Begin PBXSourcesBuildPhase section */
		175C25AA206F93F30050702D /* Sources */ = {
			isa = PBXSourcesBuildPhase;
			buildActionMask = 2147483647;
			files = (
				175C25B4206F93F30050702D /* ViewController.swift in Sources */,
				175C25B2206F93F30050702D /* AppDelegate.swift in Sources */,
				177DB952206FF95800E41818 /* CountdownView.swift in Sources */,
				177DB950206F951500E41818 /* ChartView.swift in Sources */,
			);
			runOnlyForDeploymentPostprocessing = 0;
		};
/* End PBXSourcesBuildPhase section */

/* Begin PBXVariantGroup section */
		175C25B5206F93F30050702D /* Main.storyboard */ = {
			isa = PBXVariantGroup;
			children = (
				175C25B6206F93F30050702D /* Base */,
			);
			name = Main.storyboard;
			sourceTree = "<group>";
		};
		175C25BA206F93F30050702D /* LaunchScreen.storyboard */ = {
			isa = PBXVariantGroup;
			children = (
				175C25BB206F93F30050702D /* Base */,
			);
			name = LaunchScreen.storyboard;
			sourceTree = "<group>";
		};
/* End PBXVariantGroup section */

/* Begin XCBuildConfiguration section */
		175C25BE206F93F30050702D /* Debug */ = {
			isa = XCBuildConfiguration;
			buildSettings = {
				ALWAYS_SEARCH_USER_PATHS = NO;
				CLANG_ANALYZER_NONNULL = YES;
				CLANG_ANALYZER_NUMBER_OBJECT_CONVERSION = YES_AGGRESSIVE;
				CLANG_CXX_LANGUAGE_STANDARD = "gnu++14";
				CLANG_CXX_LIBRARY = "libc++";
				CLANG_ENABLE_MODULES = YES;
				CLANG_ENABLE_OBJC_ARC = YES;
				CLANG_WARN_BLOCK_CAPTURE_AUTORELEASING = YES;
				CLANG_WARN_BOOL_CONVERSION = YES;
				CLANG_WARN_COMMA = YES;
				CLANG_WARN_CONSTANT_CONVERSION = YES;
				CLANG_WARN_DIRECT_OBJC_ISA_USAGE = YES_ERROR;
				CLANG_WARN_DOCUMENTATION_COMMENTS = YES;
				CLANG_WARN_EMPTY_BODY = YES;
				CLANG_WARN_ENUM_CONVERSION = YES;
				CLANG_WARN_INFINITE_RECURSION = YES;
				CLANG_WARN_INT_CONVERSION = YES;
				CLANG_WARN_NON_LITERAL_NULL_CONVERSION = YES;
				CLANG_WARN_OBJC_LITERAL_CONVERSION = YES;
				CLANG_WARN_OBJC_ROOT_CLASS = YES_ERROR;
				CLANG_WARN_RANGE_LOOP_ANALYSIS = YES;
				CLANG_WARN_STRICT_PROTOTYPES = YES;
				CLANG_WARN_SUSPICIOUS_MOVE = YES;
				CLANG_WARN_UNGUARDED_AVAILABILITY = YES_AGGRESSIVE;
				CLANG_WARN_UNREACHABLE_CODE = YES;
				CLANG_WARN__DUPLICATE_METHOD_MATCH = YES;
				CODE_SIGN_IDENTITY = "iPhone Developer";
				COPY_PHASE_STRIP = NO;
				DEBUG_INFORMATION_FORMAT = dwarf;
				ENABLE_STRICT_OBJC_MSGSEND = YES;
				ENABLE_TESTABILITY = YES;
				GCC_C_LANGUAGE_STANDARD = gnu11;
				GCC_DYNAMIC_NO_PIC = NO;
				GCC_NO_COMMON_BLOCKS = YES;
				GCC_OPTIMIZATION_LEVEL = 0;
				GCC_PREPROCESSOR_DEFINITIONS = (
					"DEBUG=1",
					"$(inherited)",
				);
				GCC_WARN_64_TO_32_BIT_CONVERSION = YES;
				GCC_WARN_ABOUT_RETURN_TYPE = YES_ERROR;
				GCC_WARN_UNDECLARED_SELECTOR = YES;
				GCC_WARN_UNINITIALIZED_AUTOS = YES_AGGRESSIVE;
				GCC_WARN_UNUSED_FUNCTION = YES;
				GCC_WARN_UNUSED_VARIABLE = YES;
				IPHONEOS_DEPLOYMENT_TARGET = 11.2;
				MTL_ENABLE_DEBUG_INFO = YES;
				ONLY_ACTIVE_ARCH = YES;
				SDKROOT = iphoneos;
				SWIFT_ACTIVE_COMPILATION_CONDITIONS = DEBUG;
				SWIFT_OPTIMIZATION_LEVEL = "-Onone";
			};
			name = Debug;
		};
		175C25BF206F93F30050702D /* Release */ = {
			isa = XCBuildConfiguration;
			buildSettings = {
				ALWAYS_SEARCH_USER_PATHS = NO;
				CLANG_ANALYZER_NONNULL = YES;
				CLANG_ANALYZER_NUMBER_OBJECT_CONVERSION = YES_AGGRESSIVE;
				CLANG_CXX_LANGUAGE_STANDARD = "gnu++14";
				CLANG_CXX_LIBRARY = "libc++";
				CLANG_ENABLE_MODULES = YES;
				CLANG_ENABLE_OBJC_ARC = YES;
				CLANG_WARN_BLOCK_CAPTURE_AUTORELEASING = YES;
				CLANG_WARN_BOOL_CONVERSION = YES;
				CLANG_WARN_COMMA = YES;
				CLANG_WARN_CONSTANT_CONVERSION = YES;
				CLANG_WARN_DIRECT_OBJC_ISA_USAGE = YES_ERROR;
				CLANG_WARN_DOCUMENTATION_COMMENTS = YES;
				CLANG_WARN_EMPTY_BODY = YES;
				CLANG_WARN_ENUM_CONVERSION = YES;
				CLANG_WARN_INFINITE_RECURSION = YES;
				CLANG_WARN_INT_CONVERSION = YES;
				CLANG_WARN_NON_LITERAL_NULL_CONVERSION = YES;
				CLANG_WARN_OBJC_LITERAL_CONVERSION = YES;
				CLANG_WARN_OBJC_ROOT_CLASS = YES_ERROR;
				CLANG_WARN_RANGE_LOOP_ANALYSIS = YES;
				CLANG_WARN_STRICT_PROTOTYPES = YES;
				CLANG_WARN_SUSPICIOUS_MOVE = YES;
				CLANG_WARN_UNGUARDED_AVAILABILITY = YES_AGGRESSIVE;
				CLANG_WARN_UNREACHABLE_CODE = YES;
				CLANG_WARN__DUPLICATE_METHOD_MATCH = YES;
				CODE_SIGN_IDENTITY = "iPhone Developer";
				COPY_PHASE_STRIP = NO;
				DEBUG_INFORMATION_FORMAT = "dwarf-with-dsym";
				ENABLE_NS_ASSERTIONS = NO;
				ENABLE_STRICT_OBJC_MSGSEND = YES;
				GCC_C_LANGUAGE_STANDARD = gnu11;
				GCC_NO_COMMON_BLOCKS = YES;
				GCC_WARN_64_TO_32_BIT_CONVERSION = YES;
				GCC_WARN_ABOUT_RETURN_TYPE = YES_ERROR;
				GCC_WARN_UNDECLARED_SELECTOR = YES;
				GCC_WARN_UNINITIALIZED_AUTOS = YES_AGGRESSIVE;
				GCC_WARN_UNUSED_FUNCTION = YES;
				GCC_WARN_UNUSED_VARIABLE = YES;
				IPHONEOS_DEPLOYMENT_TARGET = 11.2;
				MTL_ENABLE_DEBUG_INFO = NO;
				SDKROOT = iphoneos;
				SWIFT_OPTIMIZATION_LEVEL = "-Owholemodule";
				VALIDATE_PRODUCT = YES;
			};
			name = Release;
		};
		175C25C1206F93F30050702D /* Debug */ = {
			isa = XCBuildConfiguration;
			buildSettings = {
				ASSETCATALOG_COMPILER_APPICON_NAME = AppIcon;
				CODE_SIGN_STYLE = Automatic;
				DEVELOPMENT_TEAM = 9PU6D47W39;
				INFOPLIST_FILE = animatedcountdownchart/Info.plist;
				LD_RUNPATH_SEARCH_PATHS = "$(inherited) @executable_path/Frameworks";
				PRODUCT_BUNDLE_IDENTIFIER = com.omerfarukozturk.animatedcountdownchart;
				PRODUCT_NAME = "$(TARGET_NAME)";
				SWIFT_VERSION = 4.0;
				TARGETED_DEVICE_FAMILY = "1,2";
			};
			name = Debug;
		};
		175C25C2206F93F30050702D /* Release */ = {
			isa = XCBuildConfiguration;
			buildSettings = {
				ASSETCATALOG_COMPILER_APPICON_NAME = AppIcon;
				CODE_SIGN_STYLE = Automatic;
				DEVELOPMENT_TEAM = 9PU6D47W39;
				INFOPLIST_FILE = animatedcountdownchart/Info.plist;
				LD_RUNPATH_SEARCH_PATHS = "$(inherited) @executable_path/Frameworks";
				PRODUCT_BUNDLE_IDENTIFIER = com.omerfarukozturk.animatedcountdownchart;
				PRODUCT_NAME = "$(TARGET_NAME)";
				SWIFT_VERSION = 4.0;
				TARGETED_DEVICE_FAMILY = "1,2";
			};
			name = Release;
		};
/* End XCBuildConfiguration section */

/* Begin XCConfigurationList section */
		175C25A9206F93F30050702D /* Build configuration list for PBXProject "animatedcountdownchart" */ = {
			isa = XCConfigurationList;
			buildConfigurations = (
				175C25BE206F93F30050702D /* Debug */,
				175C25BF206F93F30050702D /* Release */,
			);
			defaultConfigurationIsVisible = 0;
			defaultConfigurationName = Release;
		};
		175C25C0206F93F30050702D /* Build configuration list for PBXNativeTarget "animatedcountdownchart" */ = {
			isa = XCConfigurationList;
			buildConfigurations = (
				175C25C1206F93F30050702D /* Debug */,
				175C25C2206F93F30050702D /* Release */,
			);
			defaultConfigurationIsVisible = 0;
			defaultConfigurationName = Release;
		};
/* End XCConfigurationList section */
	};
	rootObject = 175C25A6206F93F30050702D /* Project object */;
}
